Microsoft Visual Studio Solution File, Format Version 12.00
# Visual Studio Version 17
VisualStudioVersion = 17.5.2.0
MinimumVisualStudioVersion = 10.0.40219.1
Project("{FAE04EC0-301F-11D3-BF4B-00C04F79EFBC}") = "EF_Core", "EF_Core.csproj", "{50315195-0EB5-FA51-8963-D23EC7D212F2}"
EndProject
Global
	GlobalSection(SolutionConfigurationPlatforms) = preSolution
		Debug|Any CPU = Debug|Any CPU
		Release|Any CPU = Release|Any CPU
	EndGlobalSection
	GlobalSection(ProjectConfigurationPlatforms) = postSolution
		{50315195-0EB5-FA51-8963-D23EC7D212F2}.Debug|Any CPU.ActiveCfg = Debug|Any CPU
		{50315195-0EB5-FA51-8963-D23EC7D212F2}.Debug|Any CPU.Build.0 = Debug|Any CPU
		{50315195-0EB5-FA51-8963-D23EC7D212F2}.Release|Any CPU.ActiveCfg = Release|Any CPU
		{50315195-0EB5-FA51-8963-D23EC7D212F2}.Release|Any CPU.Build.0 = Release|Any CPU
	EndGlobalSection
	GlobalSection(SolutionProperties) = preSolution
		HideSolutionNode = FALSE
	EndGlobalSection
	GlobalSection(ExtensibilityGlobals) = postSolution
		SolutionGuid = {EB9520B5-4449-464E-92FA-2336D7A844D3}
	EndGlobalSection
EndGlobal
